Microsoft Visual Studio Solution File, Format Version 12.00
# Visual Studio Version 17
VisualStudioVersion = 17.0.31903.59
MinimumVisualStudioVersion = 10.0.40219.1
Project("{9A19103F-16F7-4668-BE54-9A1E7A4F7556}") = "API", "API\SistemaGYM_.csproj", "{8658C41F-69F4-494B-9721-4EFA2BC9C6DF}"
EndProject
Project("{9A19103F-16F7-4668-BE54-9A1E7A4F7556}") = "SistemaGYM.Web", "SistemaGYM.Web\SistemaGYM.Web.csproj", "{CD01412D-7600-4E1D-8EC5-B2BA0175933A}"
EndProject
Global
	GlobalSection(SolutionConfigurationPlatforms) = preSolution
		Debug|Any CPU = Debug|Any CPU
		Release|Any CPU = Release|Any CPU
	EndGlobalSection
	GlobalSection(ProjectConfigurationPlatforms) = postSolution
		{8658C41F-69F4-494B-9721-4EFA2BC9C6DF}.Debug|Any CPU.ActiveCfg = Debug|Any CPU
		{8658C41F-69F4-494B-9721-4EFA2BC9C6DF}.Debug|Any CPU.Build.0 = Debug|Any CPU
		{8658C41F-69F4-494B-9721-4EFA2BC9C6DF}.Release|Any CPU.ActiveCfg = Release|Any CPU
		{8658C41F-69F4-494B-9721-4EFA2BC9C6DF}.Release|Any CPU.Build.0 = Release|Any CPU
		{CD01412D-7600-4E1D-8EC5-B2BA0175933A}.Debug|Any CPU.ActiveCfg = Debug|Any CPU
		{CD01412D-7600-4E1D-8EC5-B2BA0175933A}.Debug|Any CPU.Build.0 = Debug|Any CPU
		{CD01412D-7600-4E1D-8EC5-B2BA0175933A}.Release|Any CPU.ActiveCfg = Release|Any CPU
		{CD01412D-7600-4E1D-8EC5-B2BA0175933A}.Release|Any CPU.Build.0 = Release|Any CPU
	EndGlobalSection
	GlobalSection(SolutionProperties) = preSolution
		HideSolutionNode = FALSE
	EndGlobalSection
EndGlobal
